# THIS IS AN AUTOGENERATED FILE. DO NOT EDIT THIS FILE DIRECTLY.
# yarn lockfile v1


husky@^9.1.1:
  version "9.1.1"
  resolved "https://registry.yarnpkg.com/husky/-/husky-9.1.1.tgz#73f8f1b58329f377654293148c1a6458f54ca224"
  integrity sha512-fCqlqLXcBnXa/TJXmT93/A36tJsjdJkibQ1MuIiFyCCYUlpYpIaj2mv1w+3KR6Rzu1IC3slFTje5f6DUp2A2rg==
